// !$*UTF8*$!
{
	archiveVersion = 1;
	classes = {
	};
	objectVersion = 50;
	objects = {

/* Begin PBXBuildFile section */
		C872C56D25A1F29600C41276 /* AppleMultiplatformSwiftUIApp.swift in Sources */ = {isa = PBXBuildFile; fileRef = C872C55A25A1F29200C41276 /* AppleMultiplatformSwiftUIApp.swift */; };
		C872C56E25A1F29600C41276 /* AppleMultiplatformSwiftUIApp.swift in Sources */ = {isa = PBXBuildFile; fileRef = C872C55A25A1F29200C41276 /* AppleMultiplatformSwiftUIApp.swift */; };
		C872C56F25A1F29600C41276 /* ContentView.swift in Sources */ = {isa = PBXBuildFile; fileRef = C872C55B25A1F29200C41276 /* ContentView.swift */; };
		C872C57025A1F29600C41276 /* ContentView.swift in Sources */ = {isa = PBXBuildFile; fileRef = C872C55B25A1F29200C41276 /* ContentView.swift */; };
		C872C57125A1F29600C41276 /* Assets.xcassets in Resources */ = {isa = PBXBuildFile; fileRef = C872C55C25A1F29600C41276 /* Assets.xcassets */; };
		C872C57225A1F29600C41276 /* Assets.xcassets in Resources */ = {isa = PBXBuildFile; fileRef = C872C55C25A1F29600C41276 /* Assets.xcassets */; };
/* End PBXBuildFile section */

/* Begin PBXFileReference section */
		C872C55A25A1F29200C41276 /* AppleMultiplatformSwiftUIApp.swift */ = {isa = PBXFileReference; lastKnownFileType = sourcecode.swift; path = AppleMultiplatformSwiftUIApp.swift; sourceTree = "<group>"; };
		C872C55B25A1F29200C41276 /* ContentView.swift */ = {isa = PBXFileReference; lastKnownFileType = sourcecode.swift; path = ContentView.swift; sourceTree = "<group>"; };
		C872C55C25A1F29600C41276 /* Assets.xcassets */ = {isa = PBXFileReference; lastKnownFileType = folder.assetcatalog; path = Assets.xcassets; sourceTree = "<group>"; };
		C872C56125A1F29600C41276 /* AppleMultiplatformSwiftUI.app */ = {isa = PBXFileReference; explicitFileType = wrapper.application; includeInIndex = 0; path = AppleMultiplatformSwiftUI.app; sourceTree = BUILT_PRODUCTS_DIR; };
		C872C56425A1F29600C41276 /* Info.plist */ = {isa = PBXFileReference; lastKnownFileType = text.plist.xml; path = Info.plist; sourceTree = "<group>"; };
		C872C56925A1F29600C41276 /* AppleMultiplatformSwiftUI.app */ = {isa = PBXFileReference; explicitFileType = wrapper.application; includeInIndex = 0; path = AppleMultiplatformSwiftUI.app; sourceTree = BUILT_PRODUCTS_DIR; };
		C872C56B25A1F29600C41276 /* Info.plist */ = {isa = PBXFileReference; lastKnownFileType = text.plist.xml; path = Info.plist; sourceTree = "<group>"; };
		C872C56C25A1F29600C41276 /* macOS.entitlements */ = {isa = PBXFileReference; lastKnownFileType = text.plist.entitlements; path = macOS.entitlements; sourceTree = "<group>"; };
/* End PBXFileReference section */

/* Begin PBXFrameworksBuildPhase section */
		C872C55E25A1F29600C41276 /* Frameworks */ = {
			isa = PBXFrameworksBuildPhase;
			buildActionMask = 2147483647;
			files = (
			);
			runOnlyForDeploymentPostprocessing = 0;
		};
		C872C56625A1F29600C41276 /* Frameworks */ = {
			isa = PBXFrameworksBuildPhase;
			buildActionMask = 2147483647;
			files = (
			);
			runOnlyForDeploymentPostprocessing = 0;
		};
/* End PBXFrameworksBuildPhase section */

/* Begin PBXGroup section */
		C872C55425A1F29100C41276 = {
			isa = PBXGroup;
			children = (
				C872C55925A1F29200C41276 /* Shared */,
				C872C56325A1F29600C41276 /* iOS */,
				C872C56A25A1F29600C41276 /* macOS */,
				C872C56225A1F29600C41276 /* Products */,
			);
			sourceTree = "<group>";
		};
		C872C55925A1F29200C41276 /* Shared */ = {
			isa = PBXGroup;
			children = (
				C872C55A25A1F29200C41276 /* AppleMultiplatformSwiftUIApp.swift */,
				C872C55B25A1F29200C41276 /* ContentView.swift */,
				C872C55C25A1F29600C41276 /* Assets.xcassets */,
			);
			path = Shared;
			sourceTree = "<group>";
		};
		C872C56225A1F29600C41276 /* Products */ = {
			isa = PBXGroup;
			children = (
				C872C56125A1F29600C41276 /* AppleMultiplatformSwiftUI.app */,
				C872C56925A1F29600C41276 /* AppleMultiplatformSwiftUI.app */,
			);
			name = Products;
			sourceTree = "<group>";
		};
		C872C56325A1F29600C41276 /* iOS */ = {
			isa = PBXGroup;
			children = (
				C872C56425A1F29600C41276 /* Info.plist */,
			);
			path = iOS;
			sourceTree = "<group>";
		};
		C872C56A25A1F29600C41276 /* macOS */ = {
			isa = PBXGroup;
			children = (
				C872C56B25A1F29600C41276 /* Info.plist */,
				C872C56C25A1F29600C41276 /* macOS.entitlements */,
			);
			path = macOS;
			sourceTree = "<group>";
		};
/* End PBXGroup section */

/* Begin PBXNativeTarget section */
		C872C56025A1F29600C41276 /* AppleMultiplatformSwiftUI (iOS) */ = {
			isa = PBXNativeTarget;
			buildConfigurationList = C872C57525A1F29600C41276 /* Build configuration list for PBXNativeTarget "AppleMultiplatformSwiftUI (iOS)" */;
			buildPhases = (
				C872C55D25A1F29600C41276 /* Sources */,
				C872C55E25A1F29600C41276 /* Frameworks */,
				C872C55F25A1F29600C41276 /* Resources */,
			);
			buildRules = (
			);
			dependencies = (
			);
			name = "AppleMultiplatformSwiftUI (iOS)";
			productName = "AppleMultiplatformSwiftUI (iOS)";
			productReference = C872C56125A1F29600C41276 /* AppleMultiplatformSwiftUI.app */;
			productType = "com.apple.product-type.application";
		};
		C872C56825A1F29600C41276 /* AppleMultiplatformSwiftUI (macOS) */ = {
			isa = PBXNativeTarget;
			buildConfigurationList = C872C57825A1F29600C41276 /* Build configuration list for PBXNativeTarget "AppleMultiplatformSwiftUI (macOS)" */;
			buildPhases = (
				C872C56525A1F29600C41276 /* Sources */,
				C872C56625A1F29600C41276 /* Frameworks */,
				C872C56725A1F29600C41276 /* Resources */,
			);
			buildRules = (
			);
			dependencies = (
			);
			name = "AppleMultiplatformSwiftUI (macOS)";
			productName = "AppleMultiplatformSwiftUI (macOS)";
			productReference = C872C56925A1F29600C41276 /* AppleMultiplatformSwiftUI.app */;
			productType = "com.apple.product-type.application";
		};
/* End PBXNativeTarget section */

/* Begin PBXProject section */
		C872C55525A1F29100C41276 /* Project object */ = {
			isa = PBXProject;
			attributes = {
				LastSwiftUpdateCheck = 1230;
				LastUpgradeCheck = 1230;
				TargetAttributes = {
					C872C56025A1F29600C41276 = {
						CreatedOnToolsVersion = 12.3;
					};
					C872C56825A1F29600C41276 = {
						CreatedOnToolsVersion = 12.3;
					};
				};
			};
			buildConfigurationList = C872C55825A1F29100C41276 /* Build configuration list for PBXProject "AppleMultiplatformSwiftUI" */;
			compatibilityVersion = "Xcode 9.3";
			developmentRegion = en;
			hasScannedForEncodings = 0;
			knownRegions = (
				en,
				Base,
			);
			mainGroup = C872C55425A1F29100C41276;
			productRefGroup = C872C56225A1F29600C41276 /* Products */;
			projectDirPath = "";
			projectRoot = "";
			targets = (
				C872C56025A1F29600C41276 /* AppleMultiplatformSwiftUI (iOS) */,
				C872C56825A1F29600C41276 /* AppleMultiplatformSwiftUI (macOS) */,
			);
		};
/* End PBXProject section */

/* Begin PBXResourcesBuildPhase section */
		C872C55F25A1F29600C41276 /* Resources */ = {
			isa = PBXResourcesBuildPhase;
			buildActionMask = 2147483647;
			files = (
				C872C57125A1F29600C41276 /* Assets.xcassets in Resources */,
			);
			runOnlyForDeploymentPostprocessing = 0;
		};
		C872C56725A1F29600C41276 /* Resources */ = {
			isa = PBXResourcesBuildPhase;
			buildActionMask = 2147483647;
			files = (
				C872C57225A1F29600C41276 /* Assets.xcassets in Resources */,
			);
			runOnlyForDeploymentPostprocessing = 0;
		};
/* End PBXResourcesBuildPhase section */

/* Begin PBXSourcesBuildPhase section */
		C872C55D25A1F29600C41276 /* Sources */ = {
			isa = PBXSourcesBuildPhase;
			buildActionMask = 2147483647;
			files = (
				C872C56F25A1F29600C41276 /* ContentView.swift in Sources */,
				C872C56D25A1F29600C41276 /* AppleMultiplatformSwiftUIApp.swift in Sources */,
			);
			runOnlyForDeploymentPostprocessing = 0;
		};
		C872C56525A1F29600C41276 /* Sources */ = {
			isa = PBXSourcesBuildPhase;
			buildActionMask = 2147483647;
			files = (
				C872C57025A1F29600C41276 /* ContentView.swift in Sources */,
				C872C56E25A1F29600C41276 /* AppleMultiplatformSwiftUIApp.swift in Sources */,
			);
			runOnlyForDeploymentPostprocessing = 0;
		};
/* End PBXSourcesBuildPhase section */

/* Begin XCBuildConfiguration section */
		C872C57325A1F29600C41276 /* Debug */ = {
			isa = XCBuildConfiguration;
			buildSettings = {
				ALWAYS_SEARCH_USER_PATHS = NO;
				CLANG_ANALYZER_NONNULL = YES;
				CLANG_ANALYZER_NUMBER_OBJECT_CONVERSION = YES_AGGRESSIVE;
				CLANG_CXX_LANGUAGE_STANDARD = "gnu++14";
				CLANG_CXX_LIBRARY = "libc++";
				CLANG_ENABLE_MODULES = YES;
				CLANG_ENABLE_OBJC_ARC = YES;
				CLANG_ENABLE_OBJC_WEAK = YES;
				CLANG_WARN_BLOCK_CAPTURE_AUTORELEASING = YES;
				CLANG_WARN_BOOL_CONVERSION = YES;
				CLANG_WARN_COMMA = YES;
				CLANG_WARN_CONSTANT_CONVERSION = YES;
				CLANG_WARN_DEPRECATED_OBJC_IMPLEMENTATIONS = YES;
				CLANG_WARN_DIRECT_OBJC_ISA_USAGE = YES_ERROR;
				CLANG_WARN_DOCUMENTATION_COMMENTS = YES;
				CLANG_WARN_EMPTY_BODY = YES;
				CLANG_WARN_ENUM_CONVERSION = YES;
				CLANG_WARN_INFINITE_RECURSION = YES;
				CLANG_WARN_INT_CONVERSION = YES;
				CLANG_WARN_NON_LITERAL_NULL_CONVERSION = YES;
				CLANG_WARN_OBJC_IMPLICIT_RETAIN_SELF = YES;
				CLANG_WARN_OBJC_LITERAL_CONVERSION = YES;
				CLANG_WARN_OBJC_ROOT_CLASS = YES_ERROR;
				CLANG_WARN_QUOTED_INCLUDE_IN_FRAMEWORK_HEADER = YES;
				CLANG_WARN_RANGE_LOOP_ANALYSIS = YES;
				CLANG_WARN_STRICT_PROTOTYPES = YES;
				CLANG_WARN_SUSPICIOUS_MOVE = YES;
				CLANG_WARN_UNGUARDED_AVAILABILITY = YES_AGGRESSIVE;
				CLANG_WARN_UNREACHABLE_CODE = YES;
				CLANG_WARN__DUPLICATE_METHOD_MATCH = YES;
				COPY_PHASE_STRIP = NO;
				DEBUG_INFORMATION_FORMAT = dwarf;
				ENABLE_STRICT_OBJC_MSGSEND = YES;
				ENABLE_TESTABILITY = YES;
				GCC_C_LANGUAGE_STANDARD = gnu11;
				GCC_DYNAMIC_NO_PIC = NO;
				GCC_NO_COMMON_BLOCKS = YES;
				GCC_OPTIMIZATION_LEVEL = 0;
				GCC_PREPROCESSOR_DEFINITIONS = (
					"DEBUG=1",
					"$(inherited)",
				);
				GCC_WARN_64_TO_32_BIT_CONVERSION = YES;
				GCC_WARN_ABOUT_RETURN_TYPE = YES_ERROR;
				GCC_WARN_UNDECLARED_SELECTOR = YES;
				GCC_WARN_UNINITIALIZED_AUTOS = YES_AGGRESSIVE;
				GCC_WARN_UNUSED_FUNCTION = YES;
				GCC_WARN_UNUSED_VARIABLE = YES;
				MTL_ENABLE_DEBUG_INFO = INCLUDE_SOURCE;
				MTL_FAST_MATH = YES;
				ONLY_ACTIVE_ARCH = YES;
				SWIFT_ACTIVE_COMPILATION_CONDITIONS = DEBUG;
				SWIFT_OPTIMIZATION_LEVEL = "-Onone";
			};
			name = Debug;
		};
		C872C57425A1F29600C41276 /* Release */ = {
			isa = XCBuildConfiguration;
			buildSettings = {
				ALWAYS_SEARCH_USER_PATHS = NO;
				CLANG_ANALYZER_NONNULL = YES;
				CLANG_ANALYZER_NUMBER_OBJECT_CONVERSION = YES_AGGRESSIVE;
				CLANG_CXX_LANGUAGE_STANDARD = "gnu++14";
				CLANG_CXX_LIBRARY = "libc++";
				CLANG_ENABLE_MODULES = YES;
				CLANG_ENABLE_OBJC_ARC = YES;
				CLANG_ENABLE_OBJC_WEAK = YES;
				CLANG_WARN_BLOCK_CAPTURE_AUTORELEASING = YES;
				CLANG_WARN_BOOL_CONVERSION = YES;
				CLANG_WARN_COMMA = YES;
				CLANG_WARN_CONSTANT_CONVERSION = YES;
				CLANG_WARN_DEPRECATED_OBJC_IMPLEMENTATIONS = YES;
				CLANG_WARN_DIRECT_OBJC_ISA_USAGE = YES_ERROR;
				CLANG_WARN_DOCUMENTATION_COMMENTS = YES;
				CLANG_WARN_EMPTY_BODY = YES;
				CLANG_WARN_ENUM_CONVERSION = YES;
				CLANG_WARN_INFINITE_RECURSION = YES;
				CLANG_WARN_INT_CONVERSION = YES;
				CLANG_WARN_NON_LITERAL_NULL_CONVERSION = YES;
				CLANG_WARN_OBJC_IMPLICIT_RETAIN_SELF = YES;
				CLANG_WARN_OBJC_LITERAL_CONVERSION = YES;
				CLANG_WARN_OBJC_ROOT_CLASS = YES_ERROR;
				CLANG_WARN_QUOTED_INCLUDE_IN_FRAMEWORK_HEADER = YES;
				CLANG_WARN_RANGE_LOOP_ANALYSIS = YES;
				CLANG_WARN_STRICT_PROTOTYPES = YES;
				CLANG_WARN_SUSPICIOUS_MOVE = YES;
				CLANG_WARN_UNGUARDED_AVAILABILITY = YES_AGGRESSIVE;
				CLANG_WARN_UNREACHABLE_CODE = YES;
				CLANG_WARN__DUPLICATE_METHOD_MATCH = YES;
				COPY_PHASE_STRIP = NO;
				DEBUG_INFORMATION_FORMAT = "dwarf-with-dsym";
				ENABLE_NS_ASSERTIONS = NO;
				ENABLE_STRICT_OBJC_MSGSEND = YES;
				GCC_C_LANGUAGE_STANDARD = gnu11;
				GCC_NO_COMMON_BLOCKS = YES;
				GCC_WARN_64_TO_32_BIT_CONVERSION = YES;
				GCC_WARN_ABOUT_RETURN_TYPE = YES_ERROR;
				GCC_WARN_UNDECLARED_SELECTOR = YES;
				GCC_WARN_UNINITIALIZED_AUTOS = YES_AGGRESSIVE;
				GCC_WARN_UNUSED_FUNCTION = YES;
				GCC_WARN_UNUSED_VARIABLE = YES;
				MTL_ENABLE_DEBUG_INFO = NO;
				MTL_FAST_MATH = YES;
				SWIFT_COMPILATION_MODE = wholemodule;
				SWIFT_OPTIMIZATION_LEVEL = "-O";
			};
			name = Release;
		};
		C872C57625A1F29600C41276 /* Debug */ = {
			isa = XCBuildConfiguration;
			buildSettings = {
				ASSETCATALOG_COMPILER_APPICON_NAME = AppIcon;
				ASSETCATALOG_COMPILER_GLOBAL_ACCENT_COLOR_NAME = AccentColor;
				CODE_SIGN_STYLE = Automatic;
				DEVELOPMENT_TEAM = LF5YXKBG8G;
				ENABLE_PREVIEWS = YES;
				INFOPLIST_FILE = iOS/Info.plist;
				IPHONEOS_DEPLOYMENT_TARGET = 14.0;
				LD_RUNPATH_SEARCH_PATHS = (
					"$(inherited)",
					"@executable_path/Frameworks",
				);
				PRODUCT_BUNDLE_IDENTIFIER = com.alikadir.AppleMultiplatformSwiftUI;
				PRODUCT_NAME = AppleMultiplatformSwiftUI;
				SDKROOT = iphoneos;
				SWIFT_VERSION = 5.0;
				TARGETED_DEVICE_FAMILY = "1,2";
			};
			name = Debug;
		};
		C872C57725A1F29600C41276 /* Release */ = {
			isa = XCBuildConfiguration;
			buildSettings = {
				ASSETCATALOG_COMPILER_APPICON_NAME = AppIcon;
				ASSETCATALOG_COMPILER_GLOBAL_ACCENT_COLOR_NAME = AccentColor;
				CODE_SIGN_STYLE = Automatic;
				DEVELOPMENT_TEAM = LF5YXKBG8G;
				ENABLE_PREVIEWS = YES;
				INFOPLIST_FILE = iOS/Info.plist;
				IPHONEOS_DEPLOYMENT_TARGET = 14.0;
				LD_RUNPATH_SEARCH_PATHS = (
					"$(inherited)",
					"@executable_path/Frameworks",
				);
				PRODUCT_BUNDLE_IDENTIFIER = com.alikadir.AppleMultiplatformSwiftUI;
				PRODUCT_NAME = AppleMultiplatformSwiftUI;
				SDKROOT = iphoneos;
				SWIFT_VERSION = 5.0;
				TARGETED_DEVICE_FAMILY = "1,2";
				VALIDATE_PRODUCT = YES;
			};
			name = Release;
		};
		C872C57925A1F29600C41276 /* Debug */ = {
			isa = XCBuildConfiguration;
			buildSettings = {
				ASSETCATALOG_COMPILER_APPICON_NAME = AppIcon;
				ASSETCATALOG_COMPILER_GLOBAL_ACCENT_COLOR_NAME = AccentColor;
				CODE_SIGN_ENTITLEMENTS = macOS/macOS.entitlements;
				CODE_SIGN_STYLE = Automatic;
				COMBINE_HIDPI_IMAGES = YES;
				DEVELOPMENT_TEAM = LF5YXKBG8G;
				ENABLE_HARDENED_RUNTIME = YES;
				ENABLE_PREVIEWS = YES;
				INFOPLIST_FILE = macOS/Info.plist;
				LD_RUNPATH_SEARCH_PATHS = (
					"$(inherited)",
					"@executable_path/../Frameworks",
				);
				MACOSX_DEPLOYMENT_TARGET = 11.0;
				PRODUCT_BUNDLE_IDENTIFIER = com.alikadir.AppleMultiplatformSwiftUI;
				PRODUCT_NAME = AppleMultiplatformSwiftUI;
				SDKROOT = macosx;
				SWIFT_VERSION = 5.0;
			};
			name = Debug;
		};
		C872C57A25A1F29600C41276 /* Release */ = {
			isa = XCBuildConfiguration;
			buildSettings = {
				ASSETCATALOG_COMPILER_APPICON_NAME = AppIcon;
				ASSETCATALOG_COMPILER_GLOBAL_ACCENT_COLOR_NAME = AccentColor;
				CODE_SIGN_ENTITLEMENTS = macOS/macOS.entitlements;
				CODE_SIGN_STYLE = Automatic;
				COMBINE_HIDPI_IMAGES = YES;
				DEVELOPMENT_TEAM = LF5YXKBG8G;
				ENABLE_HARDENED_RUNTIME = YES;
				ENABLE_PREVIEWS = YES;
				INFOPLIST_FILE = macOS/Info.plist;
				LD_RUNPATH_SEARCH_PATHS = (
					"$(inherited)",
					"@executable_path/../Frameworks",
				);
				MACOSX_DEPLOYMENT_TARGET = 11.0;
				PRODUCT_BUNDLE_IDENTIFIER = com.alikadir.AppleMultiplatformSwiftUI;
				PRODUCT_NAME = AppleMultiplatformSwiftUI;
				SDKROOT = macosx;
				SWIFT_VERSION = 5.0;
			};
			name = Release;
		};
/* End XCBuildConfiguration section */

/* Begin XCConfigurationList section */
		C872C55825A1F29100C41276 /* Build configuration list for PBXProject "AppleMultiplatformSwiftUI" */ = {
			isa = XCConfigurationList;
			buildConfigurations = (
				C872C57325A1F29600C41276 /* Debug */,
				C872C57425A1F29600C41276 /* Release */,
			);
			defaultConfigurationIsVisible = 0;
			defaultConfigurationName = Release;
		};
		C872C57525A1F29600C41276 /* Build configuration list for PBXNativeTarget "AppleMultiplatformSwiftUI (iOS)" */ = {
			isa = XCConfigurationList;
			buildConfigurations = (
				C872C57625A1F29600C41276 /* Debug */,
				C872C57725A1F29600C41276 /* Release */,
			);
			defaultConfigurationIsVisible = 0;
			defaultConfigurationName = Release;
		};
		C872C57825A1F29600C41276 /* Build configuration list for PBXNativeTarget "AppleMultiplatformSwiftUI (macOS)" */ = {
			isa = XCConfigurationList;
			buildConfigurations = (
				C872C57925A1F29600C41276 /* Debug */,
				C872C57A25A1F29600C41276 /* Release */,
			);
			defaultConfigurationIsVisible = 0;
			defaultConfigurationName = Release;
		};
/* End XCConfigurationList section */
	};
	rootObject = C872C55525A1F29100C41276 /* Project object */;
}
